
Microsoft Visual Studio Solution File, Format Version 12.00
# Visual Studio Version 16
VisualStudioVersion = 16.0.30804.86
MinimumVisualStudioVersion = 10.0.40219.1
Project("{FAE04EC0-301F-11D3-BF4B-00C04F79EFBC}") = "EgitimIdentityServer", "EgitimIdentityServer.csproj", "{978F7E1C-FAA0-4D45-88E0-3668243EB0C9}"
EndProject
Project("{FAE04EC0-301F-11D3-BF4B-00C04F79EFBC}") = "Client1", "..\Client1\Client1.csproj", "{A0614FD9-8280-4F61-9CC5-A1EA9F436515}"
EndProject
Project("{FAE04EC0-301F-11D3-BF4B-00C04F79EFBC}") = "Client2", "..\Client2\Client2.csproj", "{7E26279F-514B-4B8F-990D-8D5A28324BC2}"
EndProject
Project("{FAE04EC0-301F-11D3-BF4B-00C04F79EFBC}") = "API1", "..\API1\API1.csproj", "{57897CDF-2B8C-4282-9475-C3E88743C298}"
EndProject
Project("{FAE04EC0-301F-11D3-BF4B-00C04F79EFBC}") = "API2", "..\API2\API2.csproj", "{C1FDF8D5-1736-4B66-8D2C-FCCA2334403F}"
EndProject
Global
	GlobalSection(SolutionConfigurationPlatforms) = preSolution
		Debug|Any CPU = Debug|Any CPU
		Release|Any CPU = Release|Any CPU
	EndGlobalSection
	GlobalSection(ProjectConfigurationPlatforms) = postSolution
		{978F7E1C-FAA0-4D45-88E0-3668243EB0C9}.Debug|Any CPU.ActiveCfg = Debug|Any CPU
		{978F7E1C-FAA0-4D45-88E0-3668243EB0C9}.Debug|Any CPU.Build.0 = Debug|Any CPU
		{978F7E1C-FAA0-4D45-88E0-3668243EB0C9}.Release|Any CPU.ActiveCfg = Release|Any CPU
		{978F7E1C-FAA0-4D45-88E0-3668243EB0C9}.Release|Any CPU.Build.0 = Release|Any CPU
		{A0614FD9-8280-4F61-9CC5-A1EA9F436515}.Debug|Any CPU.ActiveCfg = Debug|Any CPU
		{A0614FD9-8280-4F61-9CC5-A1EA9F436515}.Debug|Any CPU.Build.0 = Debug|Any CPU
		{A0614FD9-8280-4F61-9CC5-A1EA9F436515}.Release|Any CPU.ActiveCfg = Release|Any CPU
		{A0614FD9-8280-4F61-9CC5-A1EA9F436515}.Release|Any CPU.Build.0 = Release|Any CPU
		{7E26279F-514B-4B8F-990D-8D5A28324BC2}.Debug|Any CPU.ActiveCfg = Debug|Any CPU
		{7E26279F-514B-4B8F-990D-8D5A28324BC2}.Debug|Any CPU.Build.0 = Debug|Any CPU
		{7E26279F-514B-4B8F-990D-8D5A28324BC2}.Release|Any CPU.ActiveCfg = Release|Any CPU
		{7E26279F-514B-4B8F-990D-8D5A28324BC2}.Release|Any CPU.Build.0 = Release|Any CPU
		{57897CDF-2B8C-4282-9475-C3E88743C298}.Debug|Any CPU.ActiveCfg = Debug|Any CPU
		{57897CDF-2B8C-4282-9475-C3E88743C298}.Debug|Any CPU.Build.0 = Debug|Any CPU
		{57897CDF-2B8C-4282-9475-C3E88743C298}.Release|Any CPU.ActiveCfg = Release|Any CPU
		{57897CDF-2B8C-4282-9475-C3E88743C298}.Release|Any CPU.Build.0 = Release|Any CPU
		{C1FDF8D5-1736-4B66-8D2C-FCCA2334403F}.Debug|Any CPU.ActiveCfg = Debug|Any CPU
		{C1FDF8D5-1736-4B66-8D2C-FCCA2334403F}.Debug|Any CPU.Build.0 = Debug|Any CPU
		{C1FDF8D5-1736-4B66-8D2C-FCCA2334403F}.Release|Any CPU.ActiveCfg = Release|Any CPU
		{C1FDF8D5-1736-4B66-8D2C-FCCA2334403F}.Release|Any CPU.Build.0 = Release|Any CPU
	EndGlobalSection
	GlobalSection(SolutionProperties) = preSolution
		HideSolutionNode = FALSE
	EndGlobalSection
	GlobalSection(ExtensibilityGlobals) = postSolution
		SolutionGuid = {A4349CFE-DFFA-450C-8037-75F5E82F34CC}
	EndGlobalSection
EndGlobal
